
Microsoft Visual Studio Solution File, Format Version 12.00
# Visual Studio Version 17
VisualStudioVersion = 17.6.33927.249
MinimumVisualStudioVersion = 10.0.40219.1
Project("{FAE04EC0-301F-11D3-BF4B-00C04F79EFBC}") = "ClassLibrary1", "ClassLibrary1\ClassLibrary1.csproj", "{0A378DA1-04A3-406C-A910-1EF3F448F0D0}"
EndProject
Global
	GlobalSection(SolutionConfigurationPlatforms) = preSolution
		Debug|Any CPU = Debug|Any CPU
		Release|Any CPU = Release|Any CPU
	EndGlobalSection
	GlobalSection(ProjectConfigurationPlatforms) = postSolution
		{0A378DA1-04A3-406C-A910-1EF3F448F0D0}.Debug|Any CPU.ActiveCfg = Debug|Any CPU
		{0A378DA1-04A3-406C-A910-1EF3F448F0D0}.Debug|Any CPU.Build.0 = Debug|Any CPU
		{0A378DA1-04A3-406C-A910-1EF3F448F0D0}.Release|Any CPU.ActiveCfg = Release|Any CPU
		{0A378DA1-04A3-406C-A910-1EF3F448F0D0}.Release|Any CPU.Build.0 = Release|Any CPU
	EndGlobalSection
	GlobalSection(SolutionProperties) = preSolution
		HideSolutionNode = FALSE
	EndGlobalSection
	GlobalSection(ExtensibilityGlobals) = postSolution
		SolutionGuid = {E6B0B0FF-4BB0-47D1-AFF5-EDC832AC586C}
	EndGlobalSection
EndGlobal
